
Microsoft Visual Studio Solution File, Format Version 12.00
# Visual Studio Version 16
VisualStudioVersion = 16.0.30320.27
MinimumVisualStudioVersion = 10.0.40219.1
Project("{FAE04EC0-301F-11D3-BF4B-00C04F79EFBC}") = "DependencyInversionPrinciple", "DependencyInversionPrinciple\DependencyInversionPrinciple.csproj", "{AB50A40B-6047-4F50-B777-C864B666A710}"
EndProject
Project("{FAE04EC0-301F-11D3-BF4B-00C04F79EFBC}") = "DIPLib", "DIPLib\DIPLib.csproj", "{A1D6850D-8755-4BB1-B7FB-C6D38D278F80}"
EndProject
Global
	GlobalSection(SolutionConfigurationPlatforms) = preSolution
		Debug|Any CPU = Debug|Any CPU
		Release|Any CPU = Release|Any CPU
	EndGlobalSection
	GlobalSection(ProjectConfigurationPlatforms) = postSolution
		{AB50A40B-6047-4F50-B777-C864B666A710}.Debug|Any CPU.ActiveCfg = Debug|Any CPU
		{AB50A40B-6047-4F50-B777-C864B666A710}.Debug|Any CPU.Build.0 = Debug|Any CPU
		{AB50A40B-6047-4F50-B777-C864B666A710}.Release|Any CPU.ActiveCfg = Release|Any CPU
		{AB50A40B-6047-4F50-B777-C864B666A710}.Release|Any CPU.Build.0 = Release|Any CPU
		{A1D6850D-8755-4BB1-B7FB-C6D38D278F80}.Debug|Any CPU.ActiveCfg = Debug|Any CPU
		{A1D6850D-8755-4BB1-B7FB-C6D38D278F80}.Debug|Any CPU.Build.0 = Debug|Any CPU
		{A1D6850D-8755-4BB1-B7FB-C6D38D278F80}.Release|Any CPU.ActiveCfg = Release|Any CPU
		{A1D6850D-8755-4BB1-B7FB-C6D38D278F80}.Release|Any CPU.Build.0 = Release|Any CPU
	EndGlobalSection
	GlobalSection(SolutionProperties) = preSolution
		HideSolutionNode = FALSE
	EndGlobalSection
	GlobalSection(ExtensibilityGlobals) = postSolution
		SolutionGuid = {FFE51C82-EEE4-4A17-96AC-48D931E487EF}
	EndGlobalSection
EndGlobal
