
Microsoft Visual Studio Solution File, Format Version 12.00
# Visual Studio Version 16
VisualStudioVersion = 16.0.30320.27
MinimumVisualStudioVersion = 10.0.40219.1
Project("{FAE04EC0-301F-11D3-BF4B-00C04F79EFBC}") = "SingleResponsibilityPrinciple", "SingleResponsibilityPrinciple\SingleResponsibilityPrinciple.csproj", "{3CAD09B4-93D2-4D73-9AFD-9E4EFCCA45D7}"
EndProject
Global
	GlobalSection(SolutionConfigurationPlatforms) = preSolution
		Debug|Any CPU = Debug|Any CPU
		Release|Any CPU = Release|Any CPU
	EndGlobalSection
	GlobalSection(ProjectConfigurationPlatforms) = postSolution
		{3CAD09B4-93D2-4D73-9AFD-9E4EFCCA45D7}.Debug|Any CPU.ActiveCfg = Debug|Any CPU
		{3CAD09B4-93D2-4D73-9AFD-9E4EFCCA45D7}.Debug|Any CPU.Build.0 = Debug|Any CPU
		{3CAD09B4-93D2-4D73-9AFD-9E4EFCCA45D7}.Release|Any CPU.ActiveCfg = Release|Any CPU
		{3CAD09B4-93D2-4D73-9AFD-9E4EFCCA45D7}.Release|Any CPU.Build.0 = Release|Any CPU
	EndGlobalSection
	GlobalSection(SolutionProperties) = preSolution
		HideSolutionNode = FALSE
	EndGlobalSection
	GlobalSection(ExtensibilityGlobals) = postSolution
		SolutionGuid = {FC4EE112-662B-461D-9BE8-F2DA73ACBF7B}
	EndGlobalSection
EndGlobal
