
Microsoft Visual Studio Solution File, Format Version 12.00
# Visual Studio Version 16
VisualStudioVersion = 16.0.30320.27
MinimumVisualStudioVersion = 10.0.40219.1
Project("{FAE04EC0-301F-11D3-BF4B-00C04F79EFBC}") = "OpenClosedPrinciple", "OpenClosedPrinciple\OpenClosedPrinciple.csproj", "{B72A630C-376E-4124-8E81-9CBFC52AA702}"
EndProject
Project("{FAE04EC0-301F-11D3-BF4B-00C04F79EFBC}") = "OCPLibary", "OCPLibary\OCPLibary.csproj", "{531375B6-7D11-43B2-9830-C7DF7DAD2783}"
EndProject
Global
	GlobalSection(SolutionConfigurationPlatforms) = preSolution
		Debug|Any CPU = Debug|Any CPU
		Release|Any CPU = Release|Any CPU
	EndGlobalSection
	GlobalSection(ProjectConfigurationPlatforms) = postSolution
		{B72A630C-376E-4124-8E81-9CBFC52AA702}.Debug|Any CPU.ActiveCfg = Debug|Any CPU
		{B72A630C-376E-4124-8E81-9CBFC52AA702}.Debug|Any CPU.Build.0 = Debug|Any CPU
		{B72A630C-376E-4124-8E81-9CBFC52AA702}.Release|Any CPU.ActiveCfg = Release|Any CPU
		{B72A630C-376E-4124-8E81-9CBFC52AA702}.Release|Any CPU.Build.0 = Release|Any CPU
		{531375B6-7D11-43B2-9830-C7DF7DAD2783}.Debug|Any CPU.ActiveCfg = Debug|Any CPU
		{531375B6-7D11-43B2-9830-C7DF7DAD2783}.Debug|Any CPU.Build.0 = Debug|Any CPU
		{531375B6-7D11-43B2-9830-C7DF7DAD2783}.Release|Any CPU.ActiveCfg = Release|Any CPU
		{531375B6-7D11-43B2-9830-C7DF7DAD2783}.Release|Any CPU.Build.0 = Release|Any CPU
	EndGlobalSection
	GlobalSection(SolutionProperties) = preSolution
		HideSolutionNode = FALSE
	EndGlobalSection
	GlobalSection(ExtensibilityGlobals) = postSolution
		SolutionGuid = {19E009F0-F7BF-42BB-A175-FDD6835A8A39}
	EndGlobalSection
EndGlobal
