
Microsoft Visual Studio Solution File, Format Version 12.00
# Visual Studio Version 16
VisualStudioVersion = 16.0.30320.27
MinimumVisualStudioVersion = 10.0.40219.1
Project("{FAE04EC0-301F-11D3-BF4B-00C04F79EFBC}") = "LiskovSubstitutionPrinciple", "LiskovSubstitutionPrinciple\LiskovSubstitutionPrinciple.csproj", "{445140DB-C16D-429D-A67C-A773AD6DD2B1}"
EndProject
Project("{FAE04EC0-301F-11D3-BF4B-00C04F79EFBC}") = "LSPLibary", "LSPLibary\LSPLibary.csproj", "{9B7E7152-666D-4D98-BF06-A0F601457CCC}"
EndProject
Global
	GlobalSection(SolutionConfigurationPlatforms) = preSolution
		Debug|Any CPU = Debug|Any CPU
		Release|Any CPU = Release|Any CPU
	EndGlobalSection
	GlobalSection(ProjectConfigurationPlatforms) = postSolution
		{445140DB-C16D-429D-A67C-A773AD6DD2B1}.Debug|Any CPU.ActiveCfg = Debug|Any CPU
		{445140DB-C16D-429D-A67C-A773AD6DD2B1}.Debug|Any CPU.Build.0 = Debug|Any CPU
		{445140DB-C16D-429D-A67C-A773AD6DD2B1}.Release|Any CPU.ActiveCfg = Release|Any CPU
		{445140DB-C16D-429D-A67C-A773AD6DD2B1}.Release|Any CPU.Build.0 = Release|Any CPU
		{9B7E7152-666D-4D98-BF06-A0F601457CCC}.Debug|Any CPU.ActiveCfg = Debug|Any CPU
		{9B7E7152-666D-4D98-BF06-A0F601457CCC}.Debug|Any CPU.Build.0 = Debug|Any CPU
		{9B7E7152-666D-4D98-BF06-A0F601457CCC}.Release|Any CPU.ActiveCfg = Release|Any CPU
		{9B7E7152-666D-4D98-BF06-A0F601457CCC}.Release|Any CPU.Build.0 = Release|Any CPU
	EndGlobalSection
	GlobalSection(SolutionProperties) = preSolution
		HideSolutionNode = FALSE
	EndGlobalSection
	GlobalSection(ExtensibilityGlobals) = postSolution
		SolutionGuid = {BB48187C-799C-4DB3-93A8-E1408521A925}
	EndGlobalSection
EndGlobal
